
Microsoft Visual Studio Solution File, Format Version 12.00
# Visual Studio 15
VisualStudioVersion = 15.0.27130.2027
MinimumVisualStudioVersion = 10.0.40219.1
Project("{9A19103F-16F7-4668-BE54-9A1E7A4F7556}") = "boxUnboxList", "boxUnboxList.csproj", "{7D900732-68AC-4F7C-AAD5-5CB060CF1995}"
EndProject
Global
	GlobalSection(SolutionConfigurationPlatforms) = preSolution
		Debug|Any CPU = Debug|Any CPU
		Release|Any CPU = Release|Any CPU
	EndGlobalSection
	GlobalSection(ProjectConfigurationPlatforms) = postSolution
		{7D900732-68AC-4F7C-AAD5-5CB060CF1995}.Debug|Any CPU.ActiveCfg = Debug|Any CPU
		{7D900732-68AC-4F7C-AAD5-5CB060CF1995}.Debug|Any CPU.Build.0 = Debug|Any CPU
		{7D900732-68AC-4F7C-AAD5-5CB060CF1995}.Release|Any CPU.ActiveCfg = Release|Any CPU
		{7D900732-68AC-4F7C-AAD5-5CB060CF1995}.Release|Any CPU.Build.0 = Release|Any CPU
	EndGlobalSection
	GlobalSection(SolutionProperties) = preSolution
		HideSolutionNode = FALSE
	EndGlobalSection
	GlobalSection(ExtensibilityGlobals) = postSolution
		SolutionGuid = {6B8745C4-024F-4523-96A2-CC8924AF03AC}
	EndGlobalSection
EndGlobal
